
Microsoft Visual Studio Solution File, Format Version 12.00
# Visual Studio Version 17
VisualStudioVersion = 17.0.31903.59
MinimumVisualStudioVersion = 10.0.40219.1
Project("{2150E333-8FDC-42A3-9474-1A3956D46DE8}") = "src", "src", "{827E0CD3-B72D-47B6-A68D-7590B98EB39B}"
EndProject
Project("{2150E333-8FDC-42A3-9474-1A3956D46DE8}") = "BuildingBlocks", "BuildingBlocks", "{90298CBA-BD6F-3A0A-69D5-97CAD7B05E7E}"
EndProject
Project("{FAE04EC0-301F-11D3-BF4B-00C04F79EFBC}") = "IBS.BuildingBlocks.Domain", "src\BuildingBlocks\IBS.BuildingBlocks.Domain\IBS.BuildingBlocks.Domain.csproj", "{E658AF83-2DC1-4930-A748-4B6DB882955F}"
EndProject
Project("{FAE04EC0-301F-11D3-BF4B-00C04F79EFBC}") = "IBS.BuildingBlocks.Application", "src\BuildingBlocks\IBS.BuildingBlocks.Application\IBS.BuildingBlocks.Application.csproj", "{A3231F9E-B271-4F48-BCAB-AB8EF8D296ED}"
EndProject
Project("{FAE04EC0-301F-11D3-BF4B-00C04F79EFBC}") = "IBS.BuildingBlocks.Infrastructure", "src\BuildingBlocks\IBS.BuildingBlocks.Infrastructure\IBS.BuildingBlocks.Infrastructure.csproj", "{5FB60B63-3F37-4FF2-A045-B4D28743F0E9}"
EndProject
Project("{2150E333-8FDC-42A3-9474-1A3956D46DE8}") = "Contexts", "Contexts", "{2F740AAA-E058-A105-0C4B-A5AF81FB7663}"
EndProject
Project("{2150E333-8FDC-42A3-9474-1A3956D46DE8}") = "Identity", "Identity", "{E2824BD9-334D-81F8-F188-F1DA92F04078}"
EndProject
Project("{FAE04EC0-301F-11D3-BF4B-00C04F79EFBC}") = "IBS.Identity.Domain", "src\Contexts\Identity\IBS.Identity.Domain\IBS.Identity.Domain.csproj", "{A81DF6CD-8BDC-48C5-B7A1-DC9CBF3C69AD}"
EndProject
Project("{FAE04EC0-301F-11D3-BF4B-00C04F79EFBC}") = "IBS.Identity.Application", "src\Contexts\Identity\IBS.Identity.Application\IBS.Identity.Application.csproj", "{3A1B6901-7773-4301-BC7C-049D8D830047}"
EndProject
Project("{FAE04EC0-301F-11D3-BF4B-00C04F79EFBC}") = "IBS.Identity.Infrastructure", "src\Contexts\Identity\IBS.Identity.Infrastructure\IBS.Identity.Infrastructure.csproj", "{17177E20-DCEC-44C2-9A1B-346134E5E956}"
EndProject
Project("{FAE04EC0-301F-11D3-BF4B-00C04F79EFBC}") = "IBS.Tenants.Domain", "src\Contexts\Tenants\IBS.Tenants.Domain\IBS.Tenants.Domain.csproj", "{741A267E-D45F-4A1C-BB2D-5DC5A1B21310}"
EndProject
Project("{FAE04EC0-301F-11D3-BF4B-00C04F79EFBC}") = "IBS.Tenants.Application", "src\Contexts\Tenants\IBS.Tenants.Application\IBS.Tenants.Application.csproj", "{0BF0CFB8-5C1C-44C9-AA42-DB32A99C94BB}"
EndProject
Project("{FAE04EC0-301F-11D3-BF4B-00C04F79EFBC}") = "IBS.Tenants.Infrastructure", "src\Contexts\Tenants\IBS.Tenants.Infrastructure\IBS.Tenants.Infrastructure.csproj", "{968DD647-F869-4562-AADD-EC5D88C58CAE}"
EndProject
Project("{2150E333-8FDC-42A3-9474-1A3956D46DE8}") = "Clients", "Clients", "{604373AC-E1D4-CF79-F003-643A194CA49A}"
EndProject
Project("{FAE04EC0-301F-11D3-BF4B-00C04F79EFBC}") = "IBS.Clients.Domain", "src\Contexts\Clients\IBS.Clients.Domain\IBS.Clients.Domain.csproj", "{5CF58139-5A39-406F-B58C-11CAC510A984}"
EndProject
Project("{FAE04EC0-301F-11D3-BF4B-00C04F79EFBC}") = "IBS.Clients.Application", "src\Contexts\Clients\IBS.Clients.Application\IBS.Clients.Application.csproj", "{C5A782BB-FB3D-4E37-812C-8CC15E0C6AB1}"
EndProject
Project("{FAE04EC0-301F-11D3-BF4B-00C04F79EFBC}") = "IBS.Clients.Infrastructure", "src\Contexts\Clients\IBS.Clients.Infrastructure\IBS.Clients.Infrastructure.csproj", "{F3E8DB25-8B7E-4C42-B043-785BEDD25FAA}"
EndProject
Project("{FAE04EC0-301F-11D3-BF4B-00C04F79EFBC}") = "IBS.Policies.Domain", "src\Contexts\Policies\IBS.Policies.Domain\IBS.Policies.Domain.csproj", "{364D6BB3-6BC7-467D-B257-A9E9E4118084}"
EndProject
Project("{FAE04EC0-301F-11D3-BF4B-00C04F79EFBC}") = "IBS.Policies.Application", "src\Contexts\Policies\IBS.Policies.Application\IBS.Policies.Application.csproj", "{1692C2C9-83A5-40EF-AC96-07A4A8368F00}"
EndProject
Project("{FAE04EC0-301F-11D3-BF4B-00C04F79EFBC}") = "IBS.Policies.Infrastructure", "src\Contexts\Policies\IBS.Policies.Infrastructure\IBS.Policies.Infrastructure.csproj", "{229EE4E2-E4D7-4677-A458-7A9948D4833D}"
EndProject
Project("{2150E333-8FDC-42A3-9474-1A3956D46DE8}") = "Claims", "Claims", "{4582375B-1295-415F-4C5C-3029A7EB2FCC}"
EndProject
Project("{FAE04EC0-301F-11D3-BF4B-00C04F79EFBC}") = "IBS.Claims.Domain", "src\Contexts\Claims\IBS.Claims.Domain\IBS.Claims.Domain.csproj", "{B2EAD4FA-8EE4-448F-A84A-5068A920EFD3}"
EndProject
Project("{FAE04EC0-301F-11D3-BF4B-00C04F79EFBC}") = "IBS.Claims.Application", "src\Contexts\Claims\IBS.Claims.Application\IBS.Claims.Application.csproj", "{529B47C3-CADB-4722-AFAE-B130D913098A}"
EndProject
Project("{FAE04EC0-301F-11D3-BF4B-00C04F79EFBC}") = "IBS.Claims.Infrastructure", "src\Contexts\Claims\IBS.Claims.Infrastructure\IBS.Claims.Infrastructure.csproj", "{F837A2D5-A19B-4253-A2D7-AC4D9C8F027E}"
EndProject
Project("{FAE04EC0-301F-11D3-BF4B-00C04F79EFBC}") = "IBS.Commissions.Domain", "src\Contexts\Commissions\IBS.Commissions.Domain\IBS.Commissions.Domain.csproj", "{FADB94CB-BA83-4746-B9CA-0D037CB8B6E9}"
EndProject
Project("{FAE04EC0-301F-11D3-BF4B-00C04F79EFBC}") = "IBS.Commissions.Application", "src\Contexts\Commissions\IBS.Commissions.Application\IBS.Commissions.Application.csproj", "{0965EEC3-B075-453A-9A92-581D052CA690}"
EndProject
Project("{FAE04EC0-301F-11D3-BF4B-00C04F79EFBC}") = "IBS.Commissions.Infrastructure", "src\Contexts\Commissions\IBS.Commissions.Infrastructure\IBS.Commissions.Infrastructure.csproj", "{5B33CCD0-8CD8-4C4C-AA53-C62E0209A93E}"
EndProject
Project("{2150E333-8FDC-42A3-9474-1A3956D46DE8}") = "Documents", "Documents", "{22551CDE-4DEE-8A93-1F4A-D36C9CA2B617}"
EndProject
Project("{FAE04EC0-301F-11D3-BF4B-00C04F79EFBC}") = "IBS.Documents.Domain", "src\Contexts\Documents\IBS.Documents.Domain\IBS.Documents.Domain.csproj", "{15FD3695-8248-40EF-B508-38F93F79AEC2}"
EndProject
Project("{FAE04EC0-301F-11D3-BF4B-00C04F79EFBC}") = "IBS.Documents.Application", "src\Contexts\Documents\IBS.Documents.Application\IBS.Documents.Application.csproj", "{9C97D775-87A8-450C-89B6-6DE1EC6D60A6}"
EndProject
Project("{FAE04EC0-301F-11D3-BF4B-00C04F79EFBC}") = "IBS.Documents.Infrastructure", "src\Contexts\Documents\IBS.Documents.Infrastructure\IBS.Documents.Infrastructure.csproj", "{25F9B97D-685F-4597-9AF5-4FA1F354A3B7}"
EndProject
Project("{FAE04EC0-301F-11D3-BF4B-00C04F79EFBC}") = "IBS.Carriers.Domain", "src\Contexts\Carriers\IBS.Carriers.Domain\IBS.Carriers.Domain.csproj", "{BCB92B66-2977-4A48-851E-20C72D7B0E2F}"
EndProject
Project("{FAE04EC0-301F-11D3-BF4B-00C04F79EFBC}") = "IBS.Carriers.Application", "src\Contexts\Carriers\IBS.Carriers.Application\IBS.Carriers.Application.csproj", "{C3F5C522-F3B5-4762-BCF1-DFD7FA8E147A}"
EndProject
Project("{FAE04EC0-301F-11D3-BF4B-00C04F79EFBC}") = "IBS.Carriers.Infrastructure", "src\Contexts\Carriers\IBS.Carriers.Infrastructure\IBS.Carriers.Infrastructure.csproj", "{7F673B3B-F92E-44DF-B0E5-AE424D714FD9}"
EndProject
Project("{FAE04EC0-301F-11D3-BF4B-00C04F79EFBC}") = "IBS.Api", "src\IBS.Api\IBS.Api.csproj", "{93504CD9-2225-4E0C-947B-233729413ABB}"
EndProject
Project("{FAE04EC0-301F-11D3-BF4B-00C04F79EFBC}") = "IBS.UnitTests", "tests\IBS.UnitTests\IBS.UnitTests.csproj", "{542911E8-57A0-44DB-A707-2E3C36A34E8B}"
EndProject
Project("{FAE04EC0-301F-11D3-BF4B-00C04F79EFBC}") = "IBS.IntegrationTests", "tests\IBS.IntegrationTests\IBS.IntegrationTests.csproj", "{9CDCB9AC-239C-470B-B80C-02735B5EE6E2}"
EndProject
Project("{FAE04EC0-301F-11D3-BF4B-00C04F79EFBC}") = "IBS.Infrastructure", "src\IBS.Infrastructure\IBS.Infrastructure.csproj", "{2FC6919D-D9B7-477B-8CAD-11EF016BD26C}"
EndProject
Project("{2150E333-8FDC-42A3-9474-1A3956D46DE8}") = "PolicyAssistant", "PolicyAssistant", "{D1E2F3A4-B5C6-7D8E-9F0A-B1C2D3E4F5A6}"
EndProject
Project("{FAE04EC0-301F-11D3-BF4B-00C04F79EFBC}") = "IBS.PolicyAssistant.Domain", "src\Contexts\PolicyAssistant\IBS.PolicyAssistant.Domain\IBS.PolicyAssistant.Domain.csproj", "{A1B2C3D4-E5F6-7A8B-9C0D-E1F2A3B4C5D6}"
EndProject
Project("{FAE04EC0-301F-11D3-BF4B-00C04F79EFBC}") = "IBS.PolicyAssistant.Application", "src\Contexts\PolicyAssistant\IBS.PolicyAssistant.Application\IBS.PolicyAssistant.Application.csproj", "{B1C2D3E4-F5A6-7B8C-9D0E-F1A2B3C4D5E6}"
EndProject
Project("{FAE04EC0-301F-11D3-BF4B-00C04F79EFBC}") = "IBS.PolicyAssistant.Infrastructure", "src\Contexts\PolicyAssistant\IBS.PolicyAssistant.Infrastructure\IBS.PolicyAssistant.Infrastructure.csproj", "{C1D2E3F4-A5B6-7C8D-9E0F-A1B2C3D4E5F6}"
EndProject
Global
	GlobalSection(SolutionConfigurationPlatforms) = preSolution
		Debug|Any CPU = Debug|Any CPU
		Debug|x64 = Debug|x64
		Debug|x86 = Debug|x86
		Release|Any CPU = Release|Any CPU
		Release|x64 = Release|x64
		Release|x86 = Release|x86
	EndGlobalSection
	GlobalSection(ProjectConfigurationPlatforms) = postSolution
		{E658AF83-2DC1-4930-A748-4B6DB882955F}.Debug|Any CPU.ActiveCfg = Debug|Any CPU
		{E658AF83-2DC1-4930-A748-4B6DB882955F}.Debug|Any CPU.Build.0 = Debug|Any CPU
		{E658AF83-2DC1-4930-A748-4B6DB882955F}.Debug|x64.ActiveCfg = Debug|Any CPU
		{E658AF83-2DC1-4930-A748-4B6DB882955F}.Debug|x64.Build.0 = Debug|Any CPU
		{E658AF83-2DC1-4930-A748-4B6DB882955F}.Debug|x86.ActiveCfg = Debug|Any CPU
		{E658AF83-2DC1-4930-A748-4B6DB882955F}.Debug|x86.Build.0 = Debug|Any CPU
		{E658AF83-2DC1-4930-A748-4B6DB882955F}.Release|Any CPU.ActiveCfg = Release|Any CPU
		{E658AF83-2DC1-4930-A748-4B6DB882955F}.Release|Any CPU.Build.0 = Release|Any CPU
		{E658AF83-2DC1-4930-A748-4B6DB882955F}.Release|x64.ActiveCfg = Release|Any CPU
		{E658AF83-2DC1-4930-A748-4B6DB882955F}.Release|x64.Build.0 = Release|Any CPU
		{E658AF83-2DC1-4930-A748-4B6DB882955F}.Release|x86.ActiveCfg = Release|Any CPU
		{E658AF83-2DC1-4930-A748-4B6DB882955F}.Release|x86.Build.0 = Release|Any CPU
		{A3231F9E-B271-4F48-BCAB-AB8EF8D296ED}.Debug|Any CPU.ActiveCfg = Debug|Any CPU
		{A3231F9E-B271-4F48-BCAB-AB8EF8D296ED}.Debug|Any CPU.Build.0 = Debug|Any CPU
		{A3231F9E-B271-4F48-BCAB-AB8EF8D296ED}.Debug|x64.ActiveCfg = Debug|Any CPU
		{A3231F9E-B271-4F48-BCAB-AB8EF8D296ED}.Debug|x64.Build.0 = Debug|Any CPU
		{A3231F9E-B271-4F48-BCAB-AB8EF8D296ED}.Debug|x86.ActiveCfg = Debug|Any CPU
		{A3231F9E-B271-4F48-BCAB-AB8EF8D296ED}.Debug|x86.Build.0 = Debug|Any CPU
		{A3231F9E-B271-4F48-BCAB-AB8EF8D296ED}.Release|Any CPU.ActiveCfg = Release|Any CPU
		{A3231F9E-B271-4F48-BCAB-AB8EF8D296ED}.Release|Any CPU.Build.0 = Release|Any CPU
		{A3231F9E-B271-4F48-BCAB-AB8EF8D296ED}.Release|x64.ActiveCfg = Release|Any CPU
		{A3231F9E-B271-4F48-BCAB-AB8EF8D296ED}.Release|x64.Build.0 = Release|Any CPU
		{A3231F9E-B271-4F48-BCAB-AB8EF8D296ED}.Release|x86.ActiveCfg = Release|Any CPU
		{A3231F9E-B271-4F48-BCAB-AB8EF8D296ED}.Release|x86.Build.0 = Release|Any CPU
		{5FB60B63-3F37-4FF2-A045-B4D28743F0E9}.Debug|Any CPU.ActiveCfg = Debug|Any CPU
		{5FB60B63-3F37-4FF2-A045-B4D28743F0E9}.Debug|Any CPU.Build.0 = Debug|Any CPU
		{5FB60B63-3F37-4FF2-A045-B4D28743F0E9}.Debug|x64.ActiveCfg = Debug|Any CPU
		{5FB60B63-3F37-4FF2-A045-B4D28743F0E9}.Debug|x64.Build.0 = Debug|Any CPU
		{5FB60B63-3F37-4FF2-A045-B4D28743F0E9}.Debug|x86.ActiveCfg = Debug|Any CPU
		{5FB60B63-3F37-4FF2-A045-B4D28743F0E9}.Debug|x86.Build.0 = Debug|Any CPU
		{5FB60B63-3F37-4FF2-A045-B4D28743F0E9}.Release|Any CPU.ActiveCfg = Release|Any CPU
		{5FB60B63-3F37-4FF2-A045-B4D28743F0E9}.Release|Any CPU.Build.0 = Release|Any CPU
		{5FB60B63-3F37-4FF2-A045-B4D28743F0E9}.Release|x64.ActiveCfg = Release|Any CPU
		{5FB60B63-3F37-4FF2-A045-B4D28743F0E9}.Release|x64.Build.0 = Release|Any CPU
		{5FB60B63-3F37-4FF2-A045-B4D28743F0E9}.Release|x86.ActiveCfg = Release|Any CPU
		{5FB60B63-3F37-4FF2-A045-B4D28743F0E9}.Release|x86.Build.0 = Release|Any CPU
		{A81DF6CD-8BDC-48C5-B7A1-DC9CBF3C69AD}.Debug|Any CPU.ActiveCfg = Debug|Any CPU
		{A81DF6CD-8BDC-48C5-B7A1-DC9CBF3C69AD}.Debug|Any CPU.Build.0 = Debug|Any CPU
		{A81DF6CD-8BDC-48C5-B7A1-DC9CBF3C69AD}.Debug|x64.ActiveCfg = Debug|Any CPU
		{A81DF6CD-8BDC-48C5-B7A1-DC9CBF3C69AD}.Debug|x64.Build.0 = Debug|Any CPU
		{A81DF6CD-8BDC-48C5-B7A1-DC9CBF3C69AD}.Debug|x86.ActiveCfg = Debug|Any CPU
		{A81DF6CD-8BDC-48C5-B7A1-DC9CBF3C69AD}.Debug|x86.Build.0 = Debug|Any CPU
		{A81DF6CD-8BDC-48C5-B7A1-DC9CBF3C69AD}.Release|Any CPU.ActiveCfg = Release|Any CPU
		{A81DF6CD-8BDC-48C5-B7A1-DC9CBF3C69AD}.Release|Any CPU.Build.0 = Release|Any CPU
		{A81DF6CD-8BDC-48C5-B7A1-DC9CBF3C69AD}.Release|x64.ActiveCfg = Release|Any CPU
		{A81DF6CD-8BDC-48C5-B7A1-DC9CBF3C69AD}.Release|x64.Build.0 = Release|Any CPU
		{A81DF6CD-8BDC-48C5-B7A1-DC9CBF3C69AD}.Release|x86.ActiveCfg = Release|Any CPU
		{A81DF6CD-8BDC-48C5-B7A1-DC9CBF3C69AD}.Release|x86.Build.0 = Release|Any CPU
		{3A1B6901-7773-4301-BC7C-049D8D830047}.Debug|Any CPU.ActiveCfg = Debug|Any CPU
		{3A1B6901-7773-4301-BC7C-049D8D830047}.Debug|Any CPU.Build.0 = Debug|Any CPU
		{3A1B6901-7773-4301-BC7C-049D8D830047}.Debug|x64.ActiveCfg = Debug|Any CPU
		{3A1B6901-7773-4301-BC7C-049D8D830047}.Debug|x64.Build.0 = Debug|Any CPU
		{3A1B6901-7773-4301-BC7C-049D8D830047}.Debug|x86.ActiveCfg = Debug|Any CPU
		{3A1B6901-7773-4301-BC7C-049D8D830047}.Debug|x86.Build.0 = Debug|Any CPU
		{3A1B6901-7773-4301-BC7C-049D8D830047}.Release|Any CPU.ActiveCfg = Release|Any CPU
		{3A1B6901-7773-4301-BC7C-049D8D830047}.Release|Any CPU.Build.0 = Release|Any CPU
		{3A1B6901-7773-4301-BC7C-049D8D830047}.Release|x64.ActiveCfg = Release|Any CPU
		{3A1B6901-7773-4301-BC7C-049D8D830047}.Release|x64.Build.0 = Release|Any CPU
		{3A1B6901-7773-4301-BC7C-049D8D830047}.Release|x86.ActiveCfg = Release|Any CPU
		{3A1B6901-7773-4301-BC7C-049D8D830047}.Release|x86.Build.0 = Release|Any CPU
		{17177E20-DCEC-44C2-9A1B-346134E5E956}.Debug|Any CPU.ActiveCfg = Debug|Any CPU
		{17177E20-DCEC-44C2-9A1B-346134E5E956}.Debug|Any CPU.Build.0 = Debug|Any CPU
		{17177E20-DCEC-44C2-9A1B-346134E5E956}.Debug|x64.ActiveCfg = Debug|Any CPU
		{17177E20-DCEC-44C2-9A1B-346134E5E956}.Debug|x64.Build.0 = Debug|Any CPU
		{17177E20-DCEC-44C2-9A1B-346134E5E956}.Debug|x86.ActiveCfg = Debug|Any CPU
		{17177E20-DCEC-44C2-9A1B-346134E5E956}.Debug|x86.Build.0 = Debug|Any CPU
		{17177E20-DCEC-44C2-9A1B-346134E5E956}.Release|Any CPU.ActiveCfg = Release|Any CPU
		{17177E20-DCEC-44C2-9A1B-346134E5E956}.Release|Any CPU.Build.0 = Release|Any CPU
		{17177E20-DCEC-44C2-9A1B-346134E5E956}.Release|x64.ActiveCfg = Release|Any CPU
		{17177E20-DCEC-44C2-9A1B-346134E5E956}.Release|x64.Build.0 = Release|Any CPU
		{17177E20-DCEC-44C2-9A1B-346134E5E956}.Release|x86.ActiveCfg = Release|Any CPU
		{17177E20-DCEC-44C2-9A1B-346134E5E956}.Release|x86.Build.0 = Release|Any CPU
		{741A267E-D45F-4A1C-BB2D-5DC5A1B21310}.Debug|Any CPU.ActiveCfg = Debug|Any CPU
		{741A267E-D45F-4A1C-BB2D-5DC5A1B21310}.Debug|Any CPU.Build.0 = Debug|Any CPU
		{741A267E-D45F-4A1C-BB2D-5DC5A1B21310}.Debug|x64.ActiveCfg = Debug|Any CPU
		{741A267E-D45F-4A1C-BB2D-5DC5A1B21310}.Debug|x64.Build.0 = Debug|Any CPU
		{741A267E-D45F-4A1C-BB2D-5DC5A1B21310}.Debug|x86.ActiveCfg = Debug|Any CPU
		{741A267E-D45F-4A1C-BB2D-5DC5A1B21310}.Debug|x86.Build.0 = Debug|Any CPU
		{741A267E-D45F-4A1C-BB2D-5DC5A1B21310}.Release|Any CPU.ActiveCfg = Release|Any CPU
		{741A267E-D45F-4A1C-BB2D-5DC5A1B21310}.Release|Any CPU.Build.0 = Release|Any CPU
		{741A267E-D45F-4A1C-BB2D-5DC5A1B21310}.Release|x64.ActiveCfg = Release|Any CPU
		{741A267E-D45F-4A1C-BB2D-5DC5A1B21310}.Release|x64.Build.0 = Release|Any CPU
		{741A267E-D45F-4A1C-BB2D-5DC5A1B21310}.Release|x86.ActiveCfg = Release|Any CPU
		{741A267E-D45F-4A1C-BB2D-5DC5A1B21310}.Release|x86.Build.0 = Release|Any CPU
		{0BF0CFB8-5C1C-44C9-AA42-DB32A99C94BB}.Debug|Any CPU.ActiveCfg = Debug|Any CPU
		{0BF0CFB8-5C1C-44C9-AA42-DB32A99C94BB}.Debug|Any CPU.Build.0 = Debug|Any CPU
		{0BF0CFB8-5C1C-44C9-AA42-DB32A99C94BB}.Debug|x64.ActiveCfg = Debug|Any CPU
		{0BF0CFB8-5C1C-44C9-AA42-DB32A99C94BB}.Debug|x64.Build.0 = Debug|Any CPU
		{0BF0CFB8-5C1C-44C9-AA42-DB32A99C94BB}.Debug|x86.ActiveCfg = Debug|Any CPU
		{0BF0CFB8-5C1C-44C9-AA42-DB32A99C94BB}.Debug|x86.Build.0 = Debug|Any CPU
		{0BF0CFB8-5C1C-44C9-AA42-DB32A99C94BB}.Release|Any CPU.ActiveCfg = Release|Any CPU
		{0BF0CFB8-5C1C-44C9-AA42-DB32A99C94BB}.Release|Any CPU.Build.0 = Release|Any CPU
		{0BF0CFB8-5C1C-44C9-AA42-DB32A99C94BB}.Release|x64.ActiveCfg = Release|Any CPU
		{0BF0CFB8-5C1C-44C9-AA42-DB32A99C94BB}.Release|x64.Build.0 = Release|Any CPU
		{0BF0CFB8-5C1C-44C9-AA42-DB32A99C94BB}.Release|x86.ActiveCfg = Release|Any CPU
		{0BF0CFB8-5C1C-44C9-AA42-DB32A99C94BB}.Release|x86.Build.0 = Release|Any CPU
		{968DD647-F869-4562-AADD-EC5D88C58CAE}.Debug|Any CPU.ActiveCfg = Debug|Any CPU
		{968DD647-F869-4562-AADD-EC5D88C58CAE}.Debug|Any CPU.Build.0 = Debug|Any CPU
		{968DD647-F869-4562-AADD-EC5D88C58CAE}.Debug|x64.ActiveCfg = Debug|Any CPU
		{968DD647-F869-4562-AADD-EC5D88C58CAE}.Debug|x64.Build.0 = Debug|Any CPU
		{968DD647-F869-4562-AADD-EC5D88C58CAE}.Debug|x86.ActiveCfg = Debug|Any CPU
		{968DD647-F869-4562-AADD-EC5D88C58CAE}.Debug|x86.Build.0 = Debug|Any CPU
		{968DD647-F869-4562-AADD-EC5D88C58CAE}.Release|Any CPU.ActiveCfg = Release|Any CPU
		{968DD647-F869-4562-AADD-EC5D88C58CAE}.Release|Any CPU.Build.0 = Release|Any CPU
		{968DD647-F869-4562-AADD-EC5D88C58CAE}.Release|x64.ActiveCfg = Release|Any CPU
		{968DD647-F869-4562-AADD-EC5D88C58CAE}.Release|x64.Build.0 = Release|Any CPU
		{968DD647-F869-4562-AADD-EC5D88C58CAE}.Release|x86.ActiveCfg = Release|Any CPU
		{968DD647-F869-4562-AADD-EC5D88C58CAE}.Release|x86.Build.0 = Release|Any CPU
		{5CF58139-5A39-406F-B58C-11CAC510A984}.Debug|Any CPU.ActiveCfg = Debug|Any CPU
		{5CF58139-5A39-406F-B58C-11CAC510A984}.Debug|Any CPU.Build.0 = Debug|Any CPU
		{5CF58139-5A39-406F-B58C-11CAC510A984}.Debug|x64.ActiveCfg = Debug|Any CPU
		{5CF58139-5A39-406F-B58C-11CAC510A984}.Debug|x64.Build.0 = Debug|Any CPU
		{5CF58139-5A39-406F-B58C-11CAC510A984}.Debug|x86.ActiveCfg = Debug|Any CPU
		{5CF58139-5A39-406F-B58C-11CAC510A984}.Debug|x86.Build.0 = Debug|Any CPU
		{5CF58139-5A39-406F-B58C-11CAC510A984}.Release|Any CPU.ActiveCfg = Release|Any CPU
		{5CF58139-5A39-406F-B58C-11CAC510A984}.Release|Any CPU.Build.0 = Release|Any CPU
		{5CF58139-5A39-406F-B58C-11CAC510A984}.Release|x64.ActiveCfg = Release|Any CPU
		{5CF58139-5A39-406F-B58C-11CAC510A984}.Release|x64.Build.0 = Release|Any CPU
		{5CF58139-5A39-406F-B58C-11CAC510A984}.Release|x86.ActiveCfg = Release|Any CPU
		{5CF58139-5A39-406F-B58C-11CAC510A984}.Release|x86.Build.0 = Release|Any CPU
		{C5A782BB-FB3D-4E37-812C-8CC15E0C6AB1}.Debug|Any CPU.ActiveCfg = Debug|Any CPU
		{C5A782BB-FB3D-4E37-812C-8CC15E0C6AB1}.Debug|Any CPU.Build.0 = Debug|Any CPU
		{C5A782BB-FB3D-4E37-812C-8CC15E0C6AB1}.Debug|x64.ActiveCfg = Debug|Any CPU
		{C5A782BB-FB3D-4E37-812C-8CC15E0C6AB1}.Debug|x64.Build.0 = Debug|Any CPU
		{C5A782BB-FB3D-4E37-812C-8CC15E0C6AB1}.Debug|x86.ActiveCfg = Debug|Any CPU
		{C5A782BB-FB3D-4E37-812C-8CC15E0C6AB1}.Debug|x86.Build.0 = Debug|Any CPU
		{C5A782BB-FB3D-4E37-812C-8CC15E0C6AB1}.Release|Any CPU.ActiveCfg = Release|Any CPU
		{C5A782BB-FB3D-4E37-812C-8CC15E0C6AB1}.Release|Any CPU.Build.0 = Release|Any CPU
		{C5A782BB-FB3D-4E37-812C-8CC15E0C6AB1}.Release|x64.ActiveCfg = Release|Any CPU
		{C5A782BB-FB3D-4E37-812C-8CC15E0C6AB1}.Release|x64.Build.0 = Release|Any CPU
		{C5A782BB-FB3D-4E37-812C-8CC15E0C6AB1}.Release|x86.ActiveCfg = Release|Any CPU
		{C5A782BB-FB3D-4E37-812C-8CC15E0C6AB1}.Release|x86.Build.0 = Release|Any CPU
		{F3E8DB25-8B7E-4C42-B043-785BEDD25FAA}.Debug|Any CPU.ActiveCfg = Debug|Any CPU
		{F3E8DB25-8B7E-4C42-B043-785BEDD25FAA}.Debug|Any CPU.Build.0 = Debug|Any CPU
		{F3E8DB25-8B7E-4C42-B043-785BEDD25FAA}.Debug|x64.ActiveCfg = Debug|Any CPU
		{F3E8DB25-8B7E-4C42-B043-785BEDD25FAA}.Debug|x64.Build.0 = Debug|Any CPU
		{F3E8DB25-8B7E-4C42-B043-785BEDD25FAA}.Debug|x86.ActiveCfg = Debug|Any CPU
		{F3E8DB25-8B7E-4C42-B043-785BEDD25FAA}.Debug|x86.Build.0 = Debug|Any CPU
		{F3E8DB25-8B7E-4C42-B043-785BEDD25FAA}.Release|Any CPU.ActiveCfg = Release|Any CPU
		{F3E8DB25-8B7E-4C42-B043-785BEDD25FAA}.Release|Any CPU.Build.0 = Release|Any CPU
		{F3E8DB25-8B7E-4C42-B043-785BEDD25FAA}.Release|x64.ActiveCfg = Release|Any CPU
		{F3E8DB25-8B7E-4C42-B043-785BEDD25FAA}.Release|x64.Build.0 = Release|Any CPU
		{F3E8DB25-8B7E-4C42-B043-785BEDD25FAA}.Release|x86.ActiveCfg = Release|Any CPU
		{F3E8DB25-8B7E-4C42-B043-785BEDD25FAA}.Release|x86.Build.0 = Release|Any CPU
		{364D6BB3-6BC7-467D-B257-A9E9E4118084}.Debug|Any CPU.ActiveCfg = Debug|Any CPU
		{364D6BB3-6BC7-467D-B257-A9E9E4118084}.Debug|Any CPU.Build.0 = Debug|Any CPU
		{364D6BB3-6BC7-467D-B257-A9E9E4118084}.Debug|x64.ActiveCfg = Debug|Any CPU
		{364D6BB3-6BC7-467D-B257-A9E9E4118084}.Debug|x64.Build.0 = Debug|Any CPU
		{364D6BB3-6BC7-467D-B257-A9E9E4118084}.Debug|x86.ActiveCfg = Debug|Any CPU
		{364D6BB3-6BC7-467D-B257-A9E9E4118084}.Debug|x86.Build.0 = Debug|Any CPU
		{364D6BB3-6BC7-467D-B257-A9E9E4118084}.Release|Any CPU.ActiveCfg = Release|Any CPU
		{364D6BB3-6BC7-467D-B257-A9E9E4118084}.Release|Any CPU.Build.0 = Release|Any CPU
		{364D6BB3-6BC7-467D-B257-A9E9E4118084}.Release|x64.ActiveCfg = Release|Any CPU
		{364D6BB3-6BC7-467D-B257-A9E9E4118084}.Release|x64.Build.0 = Release|Any CPU
		{364D6BB3-6BC7-467D-B257-A9E9E4118084}.Release|x86.ActiveCfg = Release|Any CPU
		{364D6BB3-6BC7-467D-B257-A9E9E4118084}.Release|x86.Build.0 = Release|Any CPU
		{1692C2C9-83A5-40EF-AC96-07A4A8368F00}.Debug|Any CPU.ActiveCfg = Debug|Any CPU
		{1692C2C9-83A5-40EF-AC96-07A4A8368F00}.Debug|Any CPU.Build.0 = Debug|Any CPU
		{1692C2C9-83A5-40EF-AC96-07A4A8368F00}.Debug|x64.ActiveCfg = Debug|Any CPU
		{1692C2C9-83A5-40EF-AC96-07A4A8368F00}.Debug|x64.Build.0 = Debug|Any CPU
		{1692C2C9-83A5-40EF-AC96-07A4A8368F00}.Debug|x86.ActiveCfg = Debug|Any CPU
		{1692C2C9-83A5-40EF-AC96-07A4A8368F00}.Debug|x86.Build.0 = Debug|Any CPU
		{1692C2C9-83A5-40EF-AC96-07A4A8368F00}.Release|Any CPU.ActiveCfg = Release|Any CPU
		{1692C2C9-83A5-40EF-AC96-07A4A8368F00}.Release|Any CPU.Build.0 = Release|Any CPU
		{1692C2C9-83A5-40EF-AC96-07A4A8368F00}.Release|x64.ActiveCfg = Release|Any CPU
		{1692C2C9-83A5-40EF-AC96-07A4A8368F00}.Release|x64.Build.0 = Release|Any CPU
		{1692C2C9-83A5-40EF-AC96-07A4A8368F00}.Release|x86.ActiveCfg = Release|Any CPU
		{1692C2C9-83A5-40EF-AC96-07A4A8368F00}.Release|x86.Build.0 = Release|Any CPU
		{229EE4E2-E4D7-4677-A458-7A9948D4833D}.Debug|Any CPU.ActiveCfg = Debug|Any CPU
		{229EE4E2-E4D7-4677-A458-7A9948D4833D}.Debug|Any CPU.Build.0 = Debug|Any CPU
		{229EE4E2-E4D7-4677-A458-7A9948D4833D}.Debug|x64.ActiveCfg = Debug|Any CPU
		{229EE4E2-E4D7-4677-A458-7A9948D4833D}.Debug|x64.Build.0 = Debug|Any CPU
		{229EE4E2-E4D7-4677-A458-7A9948D4833D}.Debug|x86.ActiveCfg = Debug|Any CPU
		{229EE4E2-E4D7-4677-A458-7A9948D4833D}.Debug|x86.Build.0 = Debug|Any CPU
		{229EE4E2-E4D7-4677-A458-7A9948D4833D}.Release|Any CPU.ActiveCfg = Release|Any CPU
		{229EE4E2-E4D7-4677-A458-7A9948D4833D}.Release|Any CPU.Build.0 = Release|Any CPU
		{229EE4E2-E4D7-4677-A458-7A9948D4833D}.Release|x64.ActiveCfg = Release|Any CPU
		{229EE4E2-E4D7-4677-A458-7A9948D4833D}.Release|x64.Build.0 = Release|Any CPU
		{229EE4E2-E4D7-4677-A458-7A9948D4833D}.Release|x86.ActiveCfg = Release|Any CPU
		{229EE4E2-E4D7-4677-A458-7A9948D4833D}.Release|x86.Build.0 = Release|Any CPU
		{B2EAD4FA-8EE4-448F-A84A-5068A920EFD3}.Debug|Any CPU.ActiveCfg = Debug|Any CPU
		{B2EAD4FA-8EE4-448F-A84A-5068A920EFD3}.Debug|Any CPU.Build.0 = Debug|Any CPU
		{B2EAD4FA-8EE4-448F-A84A-5068A920EFD3}.Debug|x64.ActiveCfg = Debug|Any CPU
		{B2EAD4FA-8EE4-448F-A84A-5068A920EFD3}.Debug|x64.Build.0 = Debug|Any CPU
		{B2EAD4FA-8EE4-448F-A84A-5068A920EFD3}.Debug|x86.ActiveCfg = Debug|Any CPU
		{B2EAD4FA-8EE4-448F-A84A-5068A920EFD3}.Debug|x86.Build.0 = Debug|Any CPU
		{B2EAD4FA-8EE4-448F-A84A-5068A920EFD3}.Release|Any CPU.ActiveCfg = Release|Any CPU
		{B2EAD4FA-8EE4-448F-A84A-5068A920EFD3}.Release|Any CPU.Build.0 = Release|Any CPU
		{B2EAD4FA-8EE4-448F-A84A-5068A920EFD3}.Release|x64.ActiveCfg = Release|Any CPU
		{B2EAD4FA-8EE4-448F-A84A-5068A920EFD3}.Release|x64.Build.0 = Release|Any CPU
		{B2EAD4FA-8EE4-448F-A84A-5068A920EFD3}.Release|x86.ActiveCfg = Release|Any CPU
		{B2EAD4FA-8EE4-448F-A84A-5068A920EFD3}.Release|x86.Build.0 = Release|Any CPU
		{529B47C3-CADB-4722-AFAE-B130D913098A}.Debug|Any CPU.ActiveCfg = Debug|Any CPU
		{529B47C3-CADB-4722-AFAE-B130D913098A}.Debug|Any CPU.Build.0 = Debug|Any CPU
		{529B47C3-CADB-4722-AFAE-B130D913098A}.Debug|x64.ActiveCfg = Debug|Any CPU
		{529B47C3-CADB-4722-AFAE-B130D913098A}.Debug|x64.Build.0 = Debug|Any CPU
		{529B47C3-CADB-4722-AFAE-B130D913098A}.Debug|x86.ActiveCfg = Debug|Any CPU
		{529B47C3-CADB-4722-AFAE-B130D913098A}.Debug|x86.Build.0 = Debug|Any CPU
		{529B47C3-CADB-4722-AFAE-B130D913098A}.Release|Any CPU.ActiveCfg = Release|Any CPU
		{529B47C3-CADB-4722-AFAE-B130D913098A}.Release|Any CPU.Build.0 = Release|Any CPU
		{529B47C3-CADB-4722-AFAE-B130D913098A}.Release|x64.ActiveCfg = Release|Any CPU
		{529B47C3-CADB-4722-AFAE-B130D913098A}.Release|x64.Build.0 = Release|Any CPU
		{529B47C3-CADB-4722-AFAE-B130D913098A}.Release|x86.ActiveCfg = Release|Any CPU
		{529B47C3-CADB-4722-AFAE-B130D913098A}.Release|x86.Build.0 = Release|Any CPU
		{F837A2D5-A19B-4253-A2D7-AC4D9C8F027E}.Debug|Any CPU.ActiveCfg = Debug|Any CPU
		{F837A2D5-A19B-4253-A2D7-AC4D9C8F027E}.Debug|Any CPU.Build.0 = Debug|Any CPU
		{F837A2D5-A19B-4253-A2D7-AC4D9C8F027E}.Debug|x64.ActiveCfg = Debug|Any CPU
		{F837A2D5-A19B-4253-A2D7-AC4D9C8F027E}.Debug|x64.Build.0 = Debug|Any CPU
		{F837A2D5-A19B-4253-A2D7-AC4D9C8F027E}.Debug|x86.ActiveCfg = Debug|Any CPU
		{F837A2D5-A19B-4253-A2D7-AC4D9C8F027E}.Debug|x86.Build.0 = Debug|Any CPU
		{F837A2D5-A19B-4253-A2D7-AC4D9C8F027E}.Release|Any CPU.ActiveCfg = Release|Any CPU
		{F837A2D5-A19B-4253-A2D7-AC4D9C8F027E}.Release|Any CPU.Build.0 = Release|Any CPU
		{F837A2D5-A19B-4253-A2D7-AC4D9C8F027E}.Release|x64.ActiveCfg = Release|Any CPU
		{F837A2D5-A19B-4253-A2D7-AC4D9C8F027E}.Release|x64.Build.0 = Release|Any CPU
		{F837A2D5-A19B-4253-A2D7-AC4D9C8F027E}.Release|x86.ActiveCfg = Release|Any CPU
		{F837A2D5-A19B-4253-A2D7-AC4D9C8F027E}.Release|x86.Build.0 = Release|Any CPU
		{FADB94CB-BA83-4746-B9CA-0D037CB8B6E9}.Debug|Any CPU.ActiveCfg = Debug|Any CPU
		{FADB94CB-BA83-4746-B9CA-0D037CB8B6E9}.Debug|Any CPU.Build.0 = Debug|Any CPU
		{FADB94CB-BA83-4746-B9CA-0D037CB8B6E9}.Debug|x64.ActiveCfg = Debug|Any CPU
		{FADB94CB-BA83-4746-B9CA-0D037CB8B6E9}.Debug|x64.Build.0 = Debug|Any CPU
		{FADB94CB-BA83-4746-B9CA-0D037CB8B6E9}.Debug|x86.ActiveCfg = Debug|Any CPU
		{FADB94CB-BA83-4746-B9CA-0D037CB8B6E9}.Debug|x86.Build.0 = Debug|Any CPU
		{FADB94CB-BA83-4746-B9CA-0D037CB8B6E9}.Release|Any CPU.ActiveCfg = Release|Any CPU
		{FADB94CB-BA83-4746-B9CA-0D037CB8B6E9}.Release|Any CPU.Build.0 = Release|Any CPU
		{FADB94CB-BA83-4746-B9CA-0D037CB8B6E9}.Release|x64.ActiveCfg = Release|Any CPU
		{FADB94CB-BA83-4746-B9CA-0D037CB8B6E9}.Release|x64.Build.0 = Release|Any CPU
		{FADB94CB-BA83-4746-B9CA-0D037CB8B6E9}.Release|x86.ActiveCfg = Release|Any CPU
		{FADB94CB-BA83-4746-B9CA-0D037CB8B6E9}.Release|x86.Build.0 = Release|Any CPU
		{0965EEC3-B075-453A-9A92-581D052CA690}.Debug|Any CPU.ActiveCfg = Debug|Any CPU
		{0965EEC3-B075-453A-9A92-581D052CA690}.Debug|Any CPU.Build.0 = Debug|Any CPU
		{0965EEC3-B075-453A-9A92-581D052CA690}.Debug|x64.ActiveCfg = Debug|Any CPU
		{0965EEC3-B075-453A-9A92-581D052CA690}.Debug|x64.Build.0 = Debug|Any CPU
		{0965EEC3-B075-453A-9A92-581D052CA690}.Debug|x86.ActiveCfg = Debug|Any CPU
		{0965EEC3-B075-453A-9A92-581D052CA690}.Debug|x86.Build.0 = Debug|Any CPU
		{0965EEC3-B075-453A-9A92-581D052CA690}.Release|Any CPU.ActiveCfg = Release|Any CPU
		{0965EEC3-B075-453A-9A92-581D052CA690}.Release|Any CPU.Build.0 = Release|Any CPU
		{0965EEC3-B075-453A-9A92-581D052CA690}.Release|x64.ActiveCfg = Release|Any CPU
		{0965EEC3-B075-453A-9A92-581D052CA690}.Release|x64.Build.0 = Release|Any CPU
		{0965EEC3-B075-453A-9A92-581D052CA690}.Release|x86.ActiveCfg = Release|Any CPU
		{0965EEC3-B075-453A-9A92-581D052CA690}.Release|x86.Build.0 = Release|Any CPU
		{5B33CCD0-8CD8-4C4C-AA53-C62E0209A93E}.Debug|Any CPU.ActiveCfg = Debug|Any CPU
		{5B33CCD0-8CD8-4C4C-AA53-C62E0209A93E}.Debug|Any CPU.Build.0 = Debug|Any CPU
		{5B33CCD0-8CD8-4C4C-AA53-C62E0209A93E}.Debug|x64.ActiveCfg = Debug|Any CPU
		{5B33CCD0-8CD8-4C4C-AA53-C62E0209A93E}.Debug|x64.Build.0 = Debug|Any CPU
		{5B33CCD0-8CD8-4C4C-AA53-C62E0209A93E}.Debug|x86.ActiveCfg = Debug|Any CPU
		{5B33CCD0-8CD8-4C4C-AA53-C62E0209A93E}.Debug|x86.Build.0 = Debug|Any CPU
		{5B33CCD0-8CD8-4C4C-AA53-C62E0209A93E}.Release|Any CPU.ActiveCfg = Release|Any CPU
		{5B33CCD0-8CD8-4C4C-AA53-C62E0209A93E}.Release|Any CPU.Build.0 = Release|Any CPU
		{5B33CCD0-8CD8-4C4C-AA53-C62E0209A93E}.Release|x64.ActiveCfg = Release|Any CPU
		{5B33CCD0-8CD8-4C4C-AA53-C62E0209A93E}.Release|x64.Build.0 = Release|Any CPU
		{5B33CCD0-8CD8-4C4C-AA53-C62E0209A93E}.Release|x86.ActiveCfg = Release|Any CPU
		{5B33CCD0-8CD8-4C4C-AA53-C62E0209A93E}.Release|x86.Build.0 = Release|Any CPU
		{15FD3695-8248-40EF-B508-38F93F79AEC2}.Debug|Any CPU.ActiveCfg = Debug|Any CPU
		{15FD3695-8248-40EF-B508-38F93F79AEC2}.Debug|Any CPU.Build.0 = Debug|Any CPU
		{15FD3695-8248-40EF-B508-38F93F79AEC2}.Debug|x64.ActiveCfg = Debug|Any CPU
		{15FD3695-8248-40EF-B508-38F93F79AEC2}.Debug|x64.Build.0 = Debug|Any CPU
		{15FD3695-8248-40EF-B508-38F93F79AEC2}.Debug|x86.ActiveCfg = Debug|Any CPU
		{15FD3695-8248-40EF-B508-38F93F79AEC2}.Debug|x86.Build.0 = Debug|Any CPU
		{15FD3695-8248-40EF-B508-38F93F79AEC2}.Release|Any CPU.ActiveCfg = Release|Any CPU
		{15FD3695-8248-40EF-B508-38F93F79AEC2}.Release|Any CPU.Build.0 = Release|Any CPU
		{15FD3695-8248-40EF-B508-38F93F79AEC2}.Release|x64.ActiveCfg = Release|Any CPU
		{15FD3695-8248-40EF-B508-38F93F79AEC2}.Release|x64.Build.0 = Release|Any CPU
		{15FD3695-8248-40EF-B508-38F93F79AEC2}.Release|x86.ActiveCfg = Release|Any CPU
		{15FD3695-8248-40EF-B508-38F93F79AEC2}.Release|x86.Build.0 = Release|Any CPU
		{9C97D775-87A8-450C-89B6-6DE1EC6D60A6}.Debug|Any CPU.ActiveCfg = Debug|Any CPU
		{9C97D775-87A8-450C-89B6-6DE1EC6D60A6}.Debug|Any CPU.Build.0 = Debug|Any CPU
		{9C97D775-87A8-450C-89B6-6DE1EC6D60A6}.Debug|x64.ActiveCfg = Debug|Any CPU
		{9C97D775-87A8-450C-89B6-6DE1EC6D60A6}.Debug|x64.Build.0 = Debug|Any CPU
		{9C97D775-87A8-450C-89B6-6DE1EC6D60A6}.Debug|x86.ActiveCfg = Debug|Any CPU
		{9C97D775-87A8-450C-89B6-6DE1EC6D60A6}.Debug|x86.Build.0 = Debug|Any CPU
		{9C97D775-87A8-450C-89B6-6DE1EC6D60A6}.Release|Any CPU.ActiveCfg = Release|Any CPU
		{9C97D775-87A8-450C-89B6-6DE1EC6D60A6}.Release|Any CPU.Build.0 = Release|Any CPU
		{9C97D775-87A8-450C-89B6-6DE1EC6D60A6}.Release|x64.ActiveCfg = Release|Any CPU
		{9C97D775-87A8-450C-89B6-6DE1EC6D60A6}.Release|x64.Build.0 = Release|Any CPU
		{9C97D775-87A8-450C-89B6-6DE1EC6D60A6}.Release|x86.ActiveCfg = Release|Any CPU
		{9C97D775-87A8-450C-89B6-6DE1EC6D60A6}.Release|x86.Build.0 = Release|Any CPU
		{25F9B97D-685F-4597-9AF5-4FA1F354A3B7}.Debug|Any CPU.ActiveCfg = Debug|Any CPU
		{25F9B97D-685F-4597-9AF5-4FA1F354A3B7}.Debug|Any CPU.Build.0 = Debug|Any CPU
		{25F9B97D-685F-4597-9AF5-4FA1F354A3B7}.Debug|x64.ActiveCfg = Debug|Any CPU
		{25F9B97D-685F-4597-9AF5-4FA1F354A3B7}.Debug|x64.Build.0 = Debug|Any CPU
		{25F9B97D-685F-4597-9AF5-4FA1F354A3B7}.Debug|x86.ActiveCfg = Debug|Any CPU
		{25F9B97D-685F-4597-9AF5-4FA1F354A3B7}.Debug|x86.Build.0 = Debug|Any CPU
		{25F9B97D-685F-4597-9AF5-4FA1F354A3B7}.Release|Any CPU.ActiveCfg = Release|Any CPU
		{25F9B97D-685F-4597-9AF5-4FA1F354A3B7}.Release|Any CPU.Build.0 = Release|Any CPU
		{25F9B97D-685F-4597-9AF5-4FA1F354A3B7}.Release|x64.ActiveCfg = Release|Any CPU
		{25F9B97D-685F-4597-9AF5-4FA1F354A3B7}.Release|x64.Build.0 = Release|Any CPU
		{25F9B97D-685F-4597-9AF5-4FA1F354A3B7}.Release|x86.ActiveCfg = Release|Any CPU
		{25F9B97D-685F-4597-9AF5-4FA1F354A3B7}.Release|x86.Build.0 = Release|Any CPU
		{BCB92B66-2977-4A48-851E-20C72D7B0E2F}.Debug|Any CPU.ActiveCfg = Debug|Any CPU
		{BCB92B66-2977-4A48-851E-20C72D7B0E2F}.Debug|Any CPU.Build.0 = Debug|Any CPU
		{BCB92B66-2977-4A48-851E-20C72D7B0E2F}.Debug|x64.ActiveCfg = Debug|Any CPU
		{BCB92B66-2977-4A48-851E-20C72D7B0E2F}.Debug|x64.Build.0 = Debug|Any CPU
		{BCB92B66-2977-4A48-851E-20C72D7B0E2F}.Debug|x86.ActiveCfg = Debug|Any CPU
		{BCB92B66-2977-4A48-851E-20C72D7B0E2F}.Debug|x86.Build.0 = Debug|Any CPU
		{BCB92B66-2977-4A48-851E-20C72D7B0E2F}.Release|Any CPU.ActiveCfg = Release|Any CPU
		{BCB92B66-2977-4A48-851E-20C72D7B0E2F}.Release|Any CPU.Build.0 = Release|Any CPU
		{BCB92B66-2977-4A48-851E-20C72D7B0E2F}.Release|x64.ActiveCfg = Release|Any CPU
		{BCB92B66-2977-4A48-851E-20C72D7B0E2F}.Release|x64.Build.0 = Release|Any CPU
		{BCB92B66-2977-4A48-851E-20C72D7B0E2F}.Release|x86.ActiveCfg = Release|Any CPU
		{BCB92B66-2977-4A48-851E-20C72D7B0E2F}.Release|x86.Build.0 = Release|Any CPU
		{C3F5C522-F3B5-4762-BCF1-DFD7FA8E147A}.Debug|Any CPU.ActiveCfg = Debug|Any CPU
		{C3F5C522-F3B5-4762-BCF1-DFD7FA8E147A}.Debug|Any CPU.Build.0 = Debug|Any CPU
		{C3F5C522-F3B5-4762-BCF1-DFD7FA8E147A}.Debug|x64.ActiveCfg = Debug|Any CPU
		{C3F5C522-F3B5-4762-BCF1-DFD7FA8E147A}.Debug|x64.Build.0 = Debug|Any CPU
		{C3F5C522-F3B5-4762-BCF1-DFD7FA8E147A}.Debug|x86.ActiveCfg = Debug|Any CPU
		{C3F5C522-F3B5-4762-BCF1-DFD7FA8E147A}.Debug|x86.Build.0 = Debug|Any CPU
		{C3F5C522-F3B5-4762-BCF1-DFD7FA8E147A}.Release|Any CPU.ActiveCfg = Release|Any CPU
		{C3F5C522-F3B5-4762-BCF1-DFD7FA8E147A}.Release|Any CPU.Build.0 = Release|Any CPU
		{C3F5C522-F3B5-4762-BCF1-DFD7FA8E147A}.Release|x64.ActiveCfg = Release|Any CPU
		{C3F5C522-F3B5-4762-BCF1-DFD7FA8E147A}.Release|x64.Build.0 = Release|Any CPU
		{C3F5C522-F3B5-4762-BCF1-DFD7FA8E147A}.Release|x86.ActiveCfg = Release|Any CPU
		{C3F5C522-F3B5-4762-BCF1-DFD7FA8E147A}.Release|x86.Build.0 = Release|Any CPU
		{7F673B3B-F92E-44DF-B0E5-AE424D714FD9}.Debug|Any CPU.ActiveCfg = Debug|Any CPU
		{7F673B3B-F92E-44DF-B0E5-AE424D714FD9}.Debug|Any CPU.Build.0 = Debug|Any CPU
		{7F673B3B-F92E-44DF-B0E5-AE424D714FD9}.Debug|x64.ActiveCfg = Debug|Any CPU
		{7F673B3B-F92E-44DF-B0E5-AE424D714FD9}.Debug|x64.Build.0 = Debug|Any CPU
		{7F673B3B-F92E-44DF-B0E5-AE424D714FD9}.Debug|x86.ActiveCfg = Debug|Any CPU
		{7F673B3B-F92E-44DF-B0E5-AE424D714FD9}.Debug|x86.Build.0 = Debug|Any CPU
		{7F673B3B-F92E-44DF-B0E5-AE424D714FD9}.Release|Any CPU.ActiveCfg = Release|Any CPU
		{7F673B3B-F92E-44DF-B0E5-AE424D714FD9}.Release|Any CPU.Build.0 = Release|Any CPU
		{7F673B3B-F92E-44DF-B0E5-AE424D714FD9}.Release|x64.ActiveCfg = Release|Any CPU
		{7F673B3B-F92E-44DF-B0E5-AE424D714FD9}.Release|x64.Build.0 = Release|Any CPU
		{7F673B3B-F92E-44DF-B0E5-AE424D714FD9}.Release|x86.ActiveCfg = Release|Any CPU
		{7F673B3B-F92E-44DF-B0E5-AE424D714FD9}.Release|x86.Build.0 = Release|Any CPU
		{93504CD9-2225-4E0C-947B-233729413ABB}.Debug|Any CPU.ActiveCfg = Debug|Any CPU
		{93504CD9-2225-4E0C-947B-233729413ABB}.Debug|Any CPU.Build.0 = Debug|Any CPU
		{93504CD9-2225-4E0C-947B-233729413ABB}.Debug|x64.ActiveCfg = Debug|Any CPU
		{93504CD9-2225-4E0C-947B-233729413ABB}.Debug|x64.Build.0 = Debug|Any CPU
		{93504CD9-2225-4E0C-947B-233729413ABB}.Debug|x86.ActiveCfg = Debug|Any CPU
		{93504CD9-2225-4E0C-947B-233729413ABB}.Debug|x86.Build.0 = Debug|Any CPU
		{93504CD9-2225-4E0C-947B-233729413ABB}.Release|Any CPU.ActiveCfg = Release|Any CPU
		{93504CD9-2225-4E0C-947B-233729413ABB}.Release|Any CPU.Build.0 = Release|Any CPU
		{93504CD9-2225-4E0C-947B-233729413ABB}.Release|x64.ActiveCfg = Release|Any CPU
		{93504CD9-2225-4E0C-947B-233729413ABB}.Release|x64.Build.0 = Release|Any CPU
		{93504CD9-2225-4E0C-947B-233729413ABB}.Release|x86.ActiveCfg = Release|Any CPU
		{93504CD9-2225-4E0C-947B-233729413ABB}.Release|x86.Build.0 = Release|Any CPU
		{542911E8-57A0-44DB-A707-2E3C36A34E8B}.Debug|Any CPU.ActiveCfg = Debug|Any CPU
		{542911E8-57A0-44DB-A707-2E3C36A34E8B}.Debug|Any CPU.Build.0 = Debug|Any CPU
		{542911E8-57A0-44DB-A707-2E3C36A34E8B}.Debug|x64.ActiveCfg = Debug|Any CPU
		{542911E8-57A0-44DB-A707-2E3C36A34E8B}.Debug|x64.Build.0 = Debug|Any CPU
		{542911E8-57A0-44DB-A707-2E3C36A34E8B}.Debug|x86.ActiveCfg = Debug|Any CPU
		{542911E8-57A0-44DB-A707-2E3C36A34E8B}.Debug|x86.Build.0 = Debug|Any CPU
		{542911E8-57A0-44DB-A707-2E3C36A34E8B}.Release|Any CPU.ActiveCfg = Release|Any CPU
		{542911E8-57A0-44DB-A707-2E3C36A34E8B}.Release|Any CPU.Build.0 = Release|Any CPU
		{542911E8-57A0-44DB-A707-2E3C36A34E8B}.Release|x64.ActiveCfg = Release|Any CPU
		{542911E8-57A0-44DB-A707-2E3C36A34E8B}.Release|x64.Build.0 = Release|Any CPU
		{542911E8-57A0-44DB-A707-2E3C36A34E8B}.Release|x86.ActiveCfg = Release|Any CPU
		{542911E8-57A0-44DB-A707-2E3C36A34E8B}.Release|x86.Build.0 = Release|Any CPU
		{9CDCB9AC-239C-470B-B80C-02735B5EE6E2}.Debug|Any CPU.ActiveCfg = Debug|Any CPU
		{9CDCB9AC-239C-470B-B80C-02735B5EE6E2}.Debug|Any CPU.Build.0 = Debug|Any CPU
		{9CDCB9AC-239C-470B-B80C-02735B5EE6E2}.Debug|x64.ActiveCfg = Debug|Any CPU
		{9CDCB9AC-239C-470B-B80C-02735B5EE6E2}.Debug|x64.Build.0 = Debug|Any CPU
		{9CDCB9AC-239C-470B-B80C-02735B5EE6E2}.Debug|x86.ActiveCfg = Debug|Any CPU
		{9CDCB9AC-239C-470B-B80C-02735B5EE6E2}.Debug|x86.Build.0 = Debug|Any CPU
		{9CDCB9AC-239C-470B-B80C-02735B5EE6E2}.Release|Any CPU.ActiveCfg = Release|Any CPU
		{9CDCB9AC-239C-470B-B80C-02735B5EE6E2}.Release|Any CPU.Build.0 = Release|Any CPU
		{9CDCB9AC-239C-470B-B80C-02735B5EE6E2}.Release|x64.ActiveCfg = Release|Any CPU
		{9CDCB9AC-239C-470B-B80C-02735B5EE6E2}.Release|x64.Build.0 = Release|Any CPU
		{9CDCB9AC-239C-470B-B80C-02735B5EE6E2}.Release|x86.ActiveCfg = Release|Any CPU
		{9CDCB9AC-239C-470B-B80C-02735B5EE6E2}.Release|x86.Build.0 = Release|Any CPU
		{2FC6919D-D9B7-477B-8CAD-11EF016BD26C}.Debug|Any CPU.ActiveCfg = Debug|Any CPU
		{2FC6919D-D9B7-477B-8CAD-11EF016BD26C}.Debug|Any CPU.Build.0 = Debug|Any CPU
		{2FC6919D-D9B7-477B-8CAD-11EF016BD26C}.Debug|x64.ActiveCfg = Debug|Any CPU
		{2FC6919D-D9B7-477B-8CAD-11EF016BD26C}.Debug|x64.Build.0 = Debug|Any CPU
		{2FC6919D-D9B7-477B-8CAD-11EF016BD26C}.Debug|x86.ActiveCfg = Debug|Any CPU
		{2FC6919D-D9B7-477B-8CAD-11EF016BD26C}.Debug|x86.Build.0 = Debug|Any CPU
		{2FC6919D-D9B7-477B-8CAD-11EF016BD26C}.Release|Any CPU.ActiveCfg = Release|Any CPU
		{2FC6919D-D9B7-477B-8CAD-11EF016BD26C}.Release|Any CPU.Build.0 = Release|Any CPU
		{2FC6919D-D9B7-477B-8CAD-11EF016BD26C}.Release|x64.ActiveCfg = Release|Any CPU
		{2FC6919D-D9B7-477B-8CAD-11EF016BD26C}.Release|x64.Build.0 = Release|Any CPU
		{2FC6919D-D9B7-477B-8CAD-11EF016BD26C}.Release|x86.ActiveCfg = Release|Any CPU
		{2FC6919D-D9B7-477B-8CAD-11EF016BD26C}.Release|x86.Build.0 = Release|Any CPU
		{A1B2C3D4-E5F6-7A8B-9C0D-E1F2A3B4C5D6}.Debug|Any CPU.ActiveCfg = Debug|Any CPU
		{A1B2C3D4-E5F6-7A8B-9C0D-E1F2A3B4C5D6}.Debug|Any CPU.Build.0 = Debug|Any CPU
		{A1B2C3D4-E5F6-7A8B-9C0D-E1F2A3B4C5D6}.Debug|x64.ActiveCfg = Debug|Any CPU
		{A1B2C3D4-E5F6-7A8B-9C0D-E1F2A3B4C5D6}.Debug|x64.Build.0 = Debug|Any CPU
		{A1B2C3D4-E5F6-7A8B-9C0D-E1F2A3B4C5D6}.Debug|x86.ActiveCfg = Debug|Any CPU
		{A1B2C3D4-E5F6-7A8B-9C0D-E1F2A3B4C5D6}.Debug|x86.Build.0 = Debug|Any CPU
		{A1B2C3D4-E5F6-7A8B-9C0D-E1F2A3B4C5D6}.Release|Any CPU.ActiveCfg = Release|Any CPU
		{A1B2C3D4-E5F6-7A8B-9C0D-E1F2A3B4C5D6}.Release|Any CPU.Build.0 = Release|Any CPU
		{A1B2C3D4-E5F6-7A8B-9C0D-E1F2A3B4C5D6}.Release|x64.ActiveCfg = Release|Any CPU
		{A1B2C3D4-E5F6-7A8B-9C0D-E1F2A3B4C5D6}.Release|x64.Build.0 = Release|Any CPU
		{A1B2C3D4-E5F6-7A8B-9C0D-E1F2A3B4C5D6}.Release|x86.ActiveCfg = Release|Any CPU
		{A1B2C3D4-E5F6-7A8B-9C0D-E1F2A3B4C5D6}.Release|x86.Build.0 = Release|Any CPU
		{B1C2D3E4-F5A6-7B8C-9D0E-F1A2B3C4D5E6}.Debug|Any CPU.ActiveCfg = Debug|Any CPU
		{B1C2D3E4-F5A6-7B8C-9D0E-F1A2B3C4D5E6}.Debug|Any CPU.Build.0 = Debug|Any CPU
		{B1C2D3E4-F5A6-7B8C-9D0E-F1A2B3C4D5E6}.Debug|x64.ActiveCfg = Debug|Any CPU
		{B1C2D3E4-F5A6-7B8C-9D0E-F1A2B3C4D5E6}.Debug|x64.Build.0 = Debug|Any CPU
		{B1C2D3E4-F5A6-7B8C-9D0E-F1A2B3C4D5E6}.Debug|x86.ActiveCfg = Debug|Any CPU
		{B1C2D3E4-F5A6-7B8C-9D0E-F1A2B3C4D5E6}.Debug|x86.Build.0 = Debug|Any CPU
		{B1C2D3E4-F5A6-7B8C-9D0E-F1A2B3C4D5E6}.Release|Any CPU.ActiveCfg = Release|Any CPU
		{B1C2D3E4-F5A6-7B8C-9D0E-F1A2B3C4D5E6}.Release|Any CPU.Build.0 = Release|Any CPU
		{B1C2D3E4-F5A6-7B8C-9D0E-F1A2B3C4D5E6}.Release|x64.ActiveCfg = Release|Any CPU
		{B1C2D3E4-F5A6-7B8C-9D0E-F1A2B3C4D5E6}.Release|x64.Build.0 = Release|Any CPU
		{B1C2D3E4-F5A6-7B8C-9D0E-F1A2B3C4D5E6}.Release|x86.ActiveCfg = Release|Any CPU
		{B1C2D3E4-F5A6-7B8C-9D0E-F1A2B3C4D5E6}.Release|x86.Build.0 = Release|Any CPU
		{C1D2E3F4-A5B6-7C8D-9E0F-A1B2C3D4E5F6}.Debug|Any CPU.ActiveCfg = Debug|Any CPU
		{C1D2E3F4-A5B6-7C8D-9E0F-A1B2C3D4E5F6}.Debug|Any CPU.Build.0 = Debug|Any CPU
		{C1D2E3F4-A5B6-7C8D-9E0F-A1B2C3D4E5F6}.Debug|x64.ActiveCfg = Debug|Any CPU
		{C1D2E3F4-A5B6-7C8D-9E0F-A1B2C3D4E5F6}.Debug|x64.Build.0 = Debug|Any CPU
		{C1D2E3F4-A5B6-7C8D-9E0F-A1B2C3D4E5F6}.Debug|x86.ActiveCfg = Debug|Any CPU
		{C1D2E3F4-A5B6-7C8D-9E0F-A1B2C3D4E5F6}.Debug|x86.Build.0 = Debug|Any CPU
		{C1D2E3F4-A5B6-7C8D-9E0F-A1B2C3D4E5F6}.Release|Any CPU.ActiveCfg = Release|Any CPU
		{C1D2E3F4-A5B6-7C8D-9E0F-A1B2C3D4E5F6}.Release|Any CPU.Build.0 = Release|Any CPU
		{C1D2E3F4-A5B6-7C8D-9E0F-A1B2C3D4E5F6}.Release|x64.ActiveCfg = Release|Any CPU
		{C1D2E3F4-A5B6-7C8D-9E0F-A1B2C3D4E5F6}.Release|x64.Build.0 = Release|Any CPU
		{C1D2E3F4-A5B6-7C8D-9E0F-A1B2C3D4E5F6}.Release|x86.ActiveCfg = Release|Any CPU
		{C1D2E3F4-A5B6-7C8D-9E0F-A1B2C3D4E5F6}.Release|x86.Build.0 = Release|Any CPU
	EndGlobalSection
	GlobalSection(SolutionProperties) = preSolution
		HideSolutionNode = FALSE
	EndGlobalSection
	GlobalSection(NestedProjects) = preSolution
		{90298CBA-BD6F-3A0A-69D5-97CAD7B05E7E} = {827E0CD3-B72D-47B6-A68D-7590B98EB39B}
		{E658AF83-2DC1-4930-A748-4B6DB882955F} = {90298CBA-BD6F-3A0A-69D5-97CAD7B05E7E}
		{A3231F9E-B271-4F48-BCAB-AB8EF8D296ED} = {90298CBA-BD6F-3A0A-69D5-97CAD7B05E7E}
		{5FB60B63-3F37-4FF2-A045-B4D28743F0E9} = {90298CBA-BD6F-3A0A-69D5-97CAD7B05E7E}
		{2F740AAA-E058-A105-0C4B-A5AF81FB7663} = {827E0CD3-B72D-47B6-A68D-7590B98EB39B}
		{E2824BD9-334D-81F8-F188-F1DA92F04078} = {2F740AAA-E058-A105-0C4B-A5AF81FB7663}
		{A81DF6CD-8BDC-48C5-B7A1-DC9CBF3C69AD} = {E2824BD9-334D-81F8-F188-F1DA92F04078}
		{3A1B6901-7773-4301-BC7C-049D8D830047} = {E2824BD9-334D-81F8-F188-F1DA92F04078}
		{17177E20-DCEC-44C2-9A1B-346134E5E956} = {E2824BD9-334D-81F8-F188-F1DA92F04078}
		{741A267E-D45F-4A1C-BB2D-5DC5A1B21310} = {E2824BD9-334D-81F8-F188-F1DA92F04078}
		{0BF0CFB8-5C1C-44C9-AA42-DB32A99C94BB} = {E2824BD9-334D-81F8-F188-F1DA92F04078}
		{968DD647-F869-4562-AADD-EC5D88C58CAE} = {E2824BD9-334D-81F8-F188-F1DA92F04078}
		{604373AC-E1D4-CF79-F003-643A194CA49A} = {2F740AAA-E058-A105-0C4B-A5AF81FB7663}
		{5CF58139-5A39-406F-B58C-11CAC510A984} = {604373AC-E1D4-CF79-F003-643A194CA49A}
		{C5A782BB-FB3D-4E37-812C-8CC15E0C6AB1} = {604373AC-E1D4-CF79-F003-643A194CA49A}
		{F3E8DB25-8B7E-4C42-B043-785BEDD25FAA} = {604373AC-E1D4-CF79-F003-643A194CA49A}
		{364D6BB3-6BC7-467D-B257-A9E9E4118084} = {604373AC-E1D4-CF79-F003-643A194CA49A}
		{1692C2C9-83A5-40EF-AC96-07A4A8368F00} = {604373AC-E1D4-CF79-F003-643A194CA49A}
		{229EE4E2-E4D7-4677-A458-7A9948D4833D} = {604373AC-E1D4-CF79-F003-643A194CA49A}
		{4582375B-1295-415F-4C5C-3029A7EB2FCC} = {2F740AAA-E058-A105-0C4B-A5AF81FB7663}
		{B2EAD4FA-8EE4-448F-A84A-5068A920EFD3} = {4582375B-1295-415F-4C5C-3029A7EB2FCC}
		{529B47C3-CADB-4722-AFAE-B130D913098A} = {4582375B-1295-415F-4C5C-3029A7EB2FCC}
		{F837A2D5-A19B-4253-A2D7-AC4D9C8F027E} = {4582375B-1295-415F-4C5C-3029A7EB2FCC}
		{FADB94CB-BA83-4746-B9CA-0D037CB8B6E9} = {4582375B-1295-415F-4C5C-3029A7EB2FCC}
		{0965EEC3-B075-453A-9A92-581D052CA690} = {4582375B-1295-415F-4C5C-3029A7EB2FCC}
		{5B33CCD0-8CD8-4C4C-AA53-C62E0209A93E} = {4582375B-1295-415F-4C5C-3029A7EB2FCC}
		{22551CDE-4DEE-8A93-1F4A-D36C9CA2B617} = {2F740AAA-E058-A105-0C4B-A5AF81FB7663}
		{15FD3695-8248-40EF-B508-38F93F79AEC2} = {22551CDE-4DEE-8A93-1F4A-D36C9CA2B617}
		{D1E2F3A4-B5C6-7D8E-9F0A-B1C2D3E4F5A6} = {2F740AAA-E058-A105-0C4B-A5AF81FB7663}
		{A1B2C3D4-E5F6-7A8B-9C0D-E1F2A3B4C5D6} = {D1E2F3A4-B5C6-7D8E-9F0A-B1C2D3E4F5A6}
		{B1C2D3E4-F5A6-7B8C-9D0E-F1A2B3C4D5E6} = {D1E2F3A4-B5C6-7D8E-9F0A-B1C2D3E4F5A6}
		{C1D2E3F4-A5B6-7C8D-9E0F-A1B2C3D4E5F6} = {D1E2F3A4-B5C6-7D8E-9F0A-B1C2D3E4F5A6}
		{9C97D775-87A8-450C-89B6-6DE1EC6D60A6} = {22551CDE-4DEE-8A93-1F4A-D36C9CA2B617}
		{25F9B97D-685F-4597-9AF5-4FA1F354A3B7} = {22551CDE-4DEE-8A93-1F4A-D36C9CA2B617}
		{BCB92B66-2977-4A48-851E-20C72D7B0E2F} = {22551CDE-4DEE-8A93-1F4A-D36C9CA2B617}
		{C3F5C522-F3B5-4762-BCF1-DFD7FA8E147A} = {22551CDE-4DEE-8A93-1F4A-D36C9CA2B617}
		{7F673B3B-F92E-44DF-B0E5-AE424D714FD9} = {22551CDE-4DEE-8A93-1F4A-D36C9CA2B617}
		{93504CD9-2225-4E0C-947B-233729413ABB} = {827E0CD3-B72D-47B6-A68D-7590B98EB39B}
		{542911E8-57A0-44DB-A707-2E3C36A34E8B} = {827E0CD3-B72D-47B6-A68D-7590B98EB39B}
		{9CDCB9AC-239C-470B-B80C-02735B5EE6E2} = {827E0CD3-B72D-47B6-A68D-7590B98EB39B}
		{2FC6919D-D9B7-477B-8CAD-11EF016BD26C} = {827E0CD3-B72D-47B6-A68D-7590B98EB39B}
	EndGlobalSection
EndGlobal
